
Microsoft Visual Studio Solution File, Format Version 12.00
# Visual Studio 15
VisualStudioVersion = 15.0.28010.2016
MinimumVisualStudioVersion = 10.0.40219.1
Project("{FAE04EC0-301F-11D3-BF4B-00C04F79EFBC}") = "BoVoyageV3", "BoVoyageV3\BoVoyageV3.csproj", "{04E36F8E-936D-4825-BCD0-55DB393268AD}"
EndProject
Global
	GlobalSection(SolutionConfigurationPlatforms) = preSolution
		Debug|Any CPU = Debug|Any CPU
		Release|Any CPU = Release|Any CPU
	EndGlobalSection
	GlobalSection(ProjectConfigurationPlatforms) = postSolution
		{04E36F8E-936D-4825-BCD0-55DB393268AD}.Debug|Any CPU.ActiveCfg = Debug|Any CPU
		{04E36F8E-936D-4825-BCD0-55DB393268AD}.Debug|Any CPU.Build.0 = Debug|Any CPU
		{04E36F8E-936D-4825-BCD0-55DB393268AD}.Release|Any CPU.ActiveCfg = Release|Any CPU
		{04E36F8E-936D-4825-BCD0-55DB393268AD}.Release|Any CPU.Build.0 = Release|Any CPU
	EndGlobalSection
	GlobalSection(SolutionProperties) = preSolution
		HideSolutionNode = FALSE
	EndGlobalSection
	GlobalSection(ExtensibilityGlobals) = postSolution
		SolutionGuid = {011B106B-177E-45C9-90F6-5A8D1D18B99C}
	EndGlobalSection
EndGlobal
